
Microsoft Visual Studio Solution File, Format Version 12.00
# Visual Studio Version 17
VisualStudioVersion = 17.4.33110.190
MinimumVisualStudioVersion = 10.0.40219.1
Project("{9A19103F-16F7-4668-BE54-9A1E7A4F7556}") = "ListaExericios01.Exercicio01", "ListaExericios01.Exercicio01\ListaExericios01.Exercicio01.csproj", "{C16EDD22-87E5-42C8-87F5-B5DDD0732FEF}"
EndProject
Project("{9A19103F-16F7-4668-BE54-9A1E7A4F7556}") = "ListaExercicio01.Exercicio02", "ListaExercicio01.Exercicio02\ListaExercicio01.Exercicio02.csproj", "{9216F5AF-B27C-4B84-A4F6-9877FFACFA0D}"
EndProject
Project("{9A19103F-16F7-4668-BE54-9A1E7A4F7556}") = "ListaExercicios01.Exercicio03", "ListaExercicios01.Exercicio03\ListaExercicios01.Exercicio03.csproj", "{F76C3136-11EF-482C-B9B9-EDC8E8496DAF}"
EndProject
Project("{9A19103F-16F7-4668-BE54-9A1E7A4F7556}") = "ListaExercicio01.Exercicio04", "ListaExercicio01.Exercicio04\ListaExercicio01.Exercicio04.csproj", "{4AFD6398-02D4-4F0E-A0C6-BD18B9D93833}"
EndProject
Project("{9A19103F-16F7-4668-BE54-9A1E7A4F7556}") = "ListaExercicios01.Exercicios05", "ListaExercicios01.Exercicios05\ListaExercicios01.Exercicios05.csproj", "{27EA6DF6-E406-4860-B0C7-A788C9DDA3BE}"
EndProject
Project("{FAE04EC0-301F-11D3-BF4B-00C04F79EFBC}") = "ListaExercicio01.Exercicio06", "ListaExercicio01.Exercicio06\ListaExercicio01.Exercicio06.csproj", "{16B66FEB-B879-46EF-8038-823AC8C88B0A}"
EndProject
Project("{FAE04EC0-301F-11D3-BF4B-00C04F79EFBC}") = "ListaExercicio01.Exercicio07", "ListaExercicio01.Exercicio07\ListaExercicio01.Exercicio07.csproj", "{8CD38457-AAC8-4D72-870E-73EEB66EF13D}"
EndProject
Project("{FAE04EC0-301F-11D3-BF4B-00C04F79EFBC}") = "ListaExercicios01.Exercicio08", "ListaExercicios01.Exercicio08\ListaExercicios01.Exercicio08.csproj", "{42087491-2E6C-4469-A7BF-BCCB13A2F0DF}"
EndProject
Project("{FAE04EC0-301F-11D3-BF4B-00C04F79EFBC}") = "ListaExercicios01.Exercicio09", "ListaExercicios01.Exercicio09\ListaExercicios01.Exercicio09.csproj", "{7C0DCDA6-DCE2-4BD1-A372-0B339E4E77B0}"
EndProject
Project("{FAE04EC0-301F-11D3-BF4B-00C04F79EFBC}") = "ListaExercicios01.Exercicio10", "ListaExercicios01.Exercicio10\ListaExercicios01.Exercicio10.csproj", "{4C781759-4540-41D9-BB9E-0DE22CFCB9EC}"
EndProject
Project("{FAE04EC0-301F-11D3-BF4B-00C04F79EFBC}") = "ListaExercicios01.Exercicio11", "ListaExercicios01.Exercicio11\ListaExercicios01.Exercicio11.csproj", "{7FC4D651-42CA-4E12-B7F5-D1A037A2AE8D}"
EndProject
Project("{FAE04EC0-301F-11D3-BF4B-00C04F79EFBC}") = "ListaExercicios01.Exercicio12", "ListaExercicios01.Exercicio12\ListaExercicios01.Exercicio12.csproj", "{09A0907A-322C-4315-A27C-56BB770BE8CC}"
EndProject
Project("{FAE04EC0-301F-11D3-BF4B-00C04F79EFBC}") = "ListaExercicios.Exercicio13", "ListaExercicios.Exercicio13\ListaExercicios.Exercicio13.csproj", "{FA9FB523-F545-4AD5-B7C7-889B851B2184}"
EndProject
Project("{FAE04EC0-301F-11D3-BF4B-00C04F79EFBC}") = "ListaExercicios01.Exercicio14", "ListaExercicios01.Exercicio14\ListaExercicios01.Exercicio14.csproj", "{B70E530E-745D-4E48-ACF3-A1933D944481}"
EndProject
Project("{FAE04EC0-301F-11D3-BF4B-00C04F79EFBC}") = "ListaExercicios.Exercicio15", "ListaExercicios.Exercicio15\ListaExercicios.Exercicio15.csproj", "{A8681DB0-48D9-4592-B99D-01355DF94B0F}"
EndProject
Project("{FAE04EC0-301F-11D3-BF4B-00C04F79EFBC}") = "ListaExercicios.Exercicio16", "ListaExercicios.Exercicio16\ListaExercicios.Exercicio16.csproj", "{A5D51D00-6476-485B-B64F-DAEC2783050F}"
EndProject
Project("{FAE04EC0-301F-11D3-BF4B-00C04F79EFBC}") = "ListaExercicios01.Exercicio17", "ListaExercicios01.Exercicio17\ListaExercicios01.Exercicio17.csproj", "{3CAAC349-4CE0-4E4C-BE79-1E2BDF6D3E42}"
EndProject
Project("{FAE04EC0-301F-11D3-BF4B-00C04F79EFBC}") = "ListaExercicios.Exercicio18", "ListaExercicios.Exercicio18\ListaExercicios.Exercicio18.csproj", "{E5A90EAF-5CA0-4158-B1F5-2B00EDE89CFF}"
EndProject
Project("{FAE04EC0-301F-11D3-BF4B-00C04F79EFBC}") = "ListaExercicios01.Exercicio19", "ListaExercicios01.Exercicio19\ListaExercicios01.Exercicio19.csproj", "{844CEBD1-5DDE-4BD3-8094-EDBD32127486}"
EndProject
Project("{FAE04EC0-301F-11D3-BF4B-00C04F79EFBC}") = "ListaExercicios01.Exercicio20", "ListaExercicios01.Exercicio20\ListaExercicios01.Exercicio20.csproj", "{B19EC332-BEBE-492F-8DD9-47912CD2ABDD}"
EndProject
Project("{FAE04EC0-301F-11D3-BF4B-00C04F79EFBC}") = "ListaExercicios01.Exercicio21", "ListaExercicios01.Exercicio21\ListaExercicios01.Exercicio21.csproj", "{130A2E8A-3CE2-4296-ACE4-391C3CCCB56D}"
EndProject
Project("{FAE04EC0-301F-11D3-BF4B-00C04F79EFBC}") = "ListaExercicios01.Exercicio22", "ListaExercicios01.Exercicio22\ListaExercicios01.Exercicio22.csproj", "{C2B2A685-FF0F-4BC8-B0EA-2908CAFE2B57}"
EndProject
Project("{FAE04EC0-301F-11D3-BF4B-00C04F79EFBC}") = "ListaExercicios1.Exercicio23", "ListaExercicios1.Exercicio23\ListaExercicios1.Exercicio23.csproj", "{D325D952-19FE-4125-AC25-EBCAE44AA778}"
EndProject
Project("{FAE04EC0-301F-11D3-BF4B-00C04F79EFBC}") = "ListaExercicios01.Exercicio24", "ListaExercicios01.Exercicio24\ListaExercicios01.Exercicio24.csproj", "{20352A9A-26C4-4532-AD02-E0AC167CC66E}"
EndProject
Project("{FAE04EC0-301F-11D3-BF4B-00C04F79EFBC}") = "ListaExercicios01.Exercicio25", "ListaExercicios01.Exercicio25\ListaExercicios01.Exercicio25.csproj", "{FE2DC944-83FA-4A34-94F4-1512C5F41FAA}"
EndProject
Project("{FAE04EC0-301F-11D3-BF4B-00C04F79EFBC}") = "ListaExercicios01.Exercicio26", "ListaExercicios01.Exercicio26\ListaExercicios01.Exercicio26.csproj", "{9CD0C3F0-1F71-410A-8546-D10EAA0E3390}"
EndProject
Project("{FAE04EC0-301F-11D3-BF4B-00C04F79EFBC}") = "ListaExercicios.Exercicio27", "ListaExercicios.Exercicio27\ListaExercicios.Exercicio27.csproj", "{59FDE376-3D73-4A78-B76C-BF17607817B9}"
EndProject
Global
	GlobalSection(SolutionConfigurationPlatforms) = preSolution
		Debug|Any CPU = Debug|Any CPU
		Release|Any CPU = Release|Any CPU
	EndGlobalSection
	GlobalSection(ProjectConfigurationPlatforms) = postSolution
		{C16EDD22-87E5-42C8-87F5-B5DDD0732FEF}.Debug|Any CPU.ActiveCfg = Debug|Any CPU
		{C16EDD22-87E5-42C8-87F5-B5DDD0732FEF}.Debug|Any CPU.Build.0 = Debug|Any CPU
		{C16EDD22-87E5-42C8-87F5-B5DDD0732FEF}.Release|Any CPU.ActiveCfg = Release|Any CPU
		{C16EDD22-87E5-42C8-87F5-B5DDD0732FEF}.Release|Any CPU.Build.0 = Release|Any CPU
		{9216F5AF-B27C-4B84-A4F6-9877FFACFA0D}.Debug|Any CPU.ActiveCfg = Debug|Any CPU
		{9216F5AF-B27C-4B84-A4F6-9877FFACFA0D}.Debug|Any CPU.Build.0 = Debug|Any CPU
		{9216F5AF-B27C-4B84-A4F6-9877FFACFA0D}.Release|Any CPU.ActiveCfg = Release|Any CPU
		{9216F5AF-B27C-4B84-A4F6-9877FFACFA0D}.Release|Any CPU.Build.0 = Release|Any CPU
		{F76C3136-11EF-482C-B9B9-EDC8E8496DAF}.Debug|Any CPU.ActiveCfg = Debug|Any CPU
		{F76C3136-11EF-482C-B9B9-EDC8E8496DAF}.Debug|Any CPU.Build.0 = Debug|Any CPU
		{F76C3136-11EF-482C-B9B9-EDC8E8496DAF}.Release|Any CPU.ActiveCfg = Release|Any CPU
		{F76C3136-11EF-482C-B9B9-EDC8E8496DAF}.Release|Any CPU.Build.0 = Release|Any CPU
		{4AFD6398-02D4-4F0E-A0C6-BD18B9D93833}.Debug|Any CPU.ActiveCfg = Debug|Any CPU
		{4AFD6398-02D4-4F0E-A0C6-BD18B9D93833}.Debug|Any CPU.Build.0 = Debug|Any CPU
		{4AFD6398-02D4-4F0E-A0C6-BD18B9D93833}.Release|Any CPU.ActiveCfg = Release|Any CPU
		{4AFD6398-02D4-4F0E-A0C6-BD18B9D93833}.Release|Any CPU.Build.0 = Release|Any CPU
		{27EA6DF6-E406-4860-B0C7-A788C9DDA3BE}.Debug|Any CPU.ActiveCfg = Debug|Any CPU
		{27EA6DF6-E406-4860-B0C7-A788C9DDA3BE}.Debug|Any CPU.Build.0 = Debug|Any CPU
		{27EA6DF6-E406-4860-B0C7-A788C9DDA3BE}.Release|Any CPU.ActiveCfg = Release|Any CPU
		{27EA6DF6-E406-4860-B0C7-A788C9DDA3BE}.Release|Any CPU.Build.0 = Release|Any CPU
		{16B66FEB-B879-46EF-8038-823AC8C88B0A}.Debug|Any CPU.ActiveCfg = Debug|Any CPU
		{16B66FEB-B879-46EF-8038-823AC8C88B0A}.Debug|Any CPU.Build.0 = Debug|Any CPU
		{16B66FEB-B879-46EF-8038-823AC8C88B0A}.Release|Any CPU.ActiveCfg = Release|Any CPU
		{16B66FEB-B879-46EF-8038-823AC8C88B0A}.Release|Any CPU.Build.0 = Release|Any CPU
		{8CD38457-AAC8-4D72-870E-73EEB66EF13D}.Debug|Any CPU.ActiveCfg = Debug|Any CPU
		{8CD38457-AAC8-4D72-870E-73EEB66EF13D}.Debug|Any CPU.Build.0 = Debug|Any CPU
		{8CD38457-AAC8-4D72-870E-73EEB66EF13D}.Release|Any CPU.ActiveCfg = Release|Any CPU
		{8CD38457-AAC8-4D72-870E-73EEB66EF13D}.Release|Any CPU.Build.0 = Release|Any CPU
		{42087491-2E6C-4469-A7BF-BCCB13A2F0DF}.Debug|Any CPU.ActiveCfg = Debug|Any CPU
		{42087491-2E6C-4469-A7BF-BCCB13A2F0DF}.Debug|Any CPU.Build.0 = Debug|Any CPU
		{42087491-2E6C-4469-A7BF-BCCB13A2F0DF}.Release|Any CPU.ActiveCfg = Release|Any CPU
		{42087491-2E6C-4469-A7BF-BCCB13A2F0DF}.Release|Any CPU.Build.0 = Release|Any CPU
		{7C0DCDA6-DCE2-4BD1-A372-0B339E4E77B0}.Debug|Any CPU.ActiveCfg = Debug|Any CPU
		{7C0DCDA6-DCE2-4BD1-A372-0B339E4E77B0}.Debug|Any CPU.Build.0 = Debug|Any CPU
		{7C0DCDA6-DCE2-4BD1-A372-0B339E4E77B0}.Release|Any CPU.ActiveCfg = Release|Any CPU
		{7C0DCDA6-DCE2-4BD1-A372-0B339E4E77B0}.Release|Any CPU.Build.0 = Release|Any CPU
		{4C781759-4540-41D9-BB9E-0DE22CFCB9EC}.Debug|Any CPU.ActiveCfg = Debug|Any CPU
		{4C781759-4540-41D9-BB9E-0DE22CFCB9EC}.Debug|Any CPU.Build.0 = Debug|Any CPU
		{4C781759-4540-41D9-BB9E-0DE22CFCB9EC}.Release|Any CPU.ActiveCfg = Release|Any CPU
		{4C781759-4540-41D9-BB9E-0DE22CFCB9EC}.Release|Any CPU.Build.0 = Release|Any CPU
		{7FC4D651-42CA-4E12-B7F5-D1A037A2AE8D}.Debug|Any CPU.ActiveCfg = Debug|Any CPU
		{7FC4D651-42CA-4E12-B7F5-D1A037A2AE8D}.Debug|Any CPU.Build.0 = Debug|Any CPU
		{7FC4D651-42CA-4E12-B7F5-D1A037A2AE8D}.Release|Any CPU.ActiveCfg = Release|Any CPU
		{7FC4D651-42CA-4E12-B7F5-D1A037A2AE8D}.Release|Any CPU.Build.0 = Release|Any CPU
		{09A0907A-322C-4315-A27C-56BB770BE8CC}.Debug|Any CPU.ActiveCfg = Debug|Any CPU
		{09A0907A-322C-4315-A27C-56BB770BE8CC}.Debug|Any CPU.Build.0 = Debug|Any CPU
		{09A0907A-322C-4315-A27C-56BB770BE8CC}.Release|Any CPU.ActiveCfg = Release|Any CPU
		{09A0907A-322C-4315-A27C-56BB770BE8CC}.Release|Any CPU.Build.0 = Release|Any CPU
		{FA9FB523-F545-4AD5-B7C7-889B851B2184}.Debug|Any CPU.ActiveCfg = Debug|Any CPU
		{FA9FB523-F545-4AD5-B7C7-889B851B2184}.Debug|Any CPU.Build.0 = Debug|Any CPU
		{FA9FB523-F545-4AD5-B7C7-889B851B2184}.Release|Any CPU.ActiveCfg = Release|Any CPU
		{FA9FB523-F545-4AD5-B7C7-889B851B2184}.Release|Any CPU.Build.0 = Release|Any CPU
		{B70E530E-745D-4E48-ACF3-A1933D944481}.Debug|Any CPU.ActiveCfg = Debug|Any CPU
		{B70E530E-745D-4E48-ACF3-A1933D944481}.Debug|Any CPU.Build.0 = Debug|Any CPU
		{B70E530E-745D-4E48-ACF3-A1933D944481}.Release|Any CPU.ActiveCfg = Release|Any CPU
		{B70E530E-745D-4E48-ACF3-A1933D944481}.Release|Any CPU.Build.0 = Release|Any CPU
		{A8681DB0-48D9-4592-B99D-01355DF94B0F}.Debug|Any CPU.ActiveCfg = Debug|Any CPU
		{A8681DB0-48D9-4592-B99D-01355DF94B0F}.Debug|Any CPU.Build.0 = Debug|Any CPU
		{A8681DB0-48D9-4592-B99D-01355DF94B0F}.Release|Any CPU.ActiveCfg = Release|Any CPU
		{A8681DB0-48D9-4592-B99D-01355DF94B0F}.Release|Any CPU.Build.0 = Release|Any CPU
		{A5D51D00-6476-485B-B64F-DAEC2783050F}.Debug|Any CPU.ActiveCfg = Debug|Any CPU
		{A5D51D00-6476-485B-B64F-DAEC2783050F}.Debug|Any CPU.Build.0 = Debug|Any CPU
		{A5D51D00-6476-485B-B64F-DAEC2783050F}.Release|Any CPU.ActiveCfg = Release|Any CPU
		{A5D51D00-6476-485B-B64F-DAEC2783050F}.Release|Any CPU.Build.0 = Release|Any CPU
		{3CAAC349-4CE0-4E4C-BE79-1E2BDF6D3E42}.Debug|Any CPU.ActiveCfg = Debug|Any CPU
		{3CAAC349-4CE0-4E4C-BE79-1E2BDF6D3E42}.Debug|Any CPU.Build.0 = Debug|Any CPU
		{3CAAC349-4CE0-4E4C-BE79-1E2BDF6D3E42}.Release|Any CPU.ActiveCfg = Release|Any CPU
		{3CAAC349-4CE0-4E4C-BE79-1E2BDF6D3E42}.Release|Any CPU.Build.0 = Release|Any CPU
		{E5A90EAF-5CA0-4158-B1F5-2B00EDE89CFF}.Debug|Any CPU.ActiveCfg = Debug|Any CPU
		{E5A90EAF-5CA0-4158-B1F5-2B00EDE89CFF}.Debug|Any CPU.Build.0 = Debug|Any CPU
		{E5A90EAF-5CA0-4158-B1F5-2B00EDE89CFF}.Release|Any CPU.ActiveCfg = Release|Any CPU
		{E5A90EAF-5CA0-4158-B1F5-2B00EDE89CFF}.Release|Any CPU.Build.0 = Release|Any CPU
		{844CEBD1-5DDE-4BD3-8094-EDBD32127486}.Debug|Any CPU.ActiveCfg = Debug|Any CPU
		{844CEBD1-5DDE-4BD3-8094-EDBD32127486}.Debug|Any CPU.Build.0 = Debug|Any CPU
		{844CEBD1-5DDE-4BD3-8094-EDBD32127486}.Release|Any CPU.ActiveCfg = Release|Any CPU
		{844CEBD1-5DDE-4BD3-8094-EDBD32127486}.Release|Any CPU.Build.0 = Release|Any CPU
		{B19EC332-BEBE-492F-8DD9-47912CD2ABDD}.Debug|Any CPU.ActiveCfg = Debug|Any CPU
		{B19EC332-BEBE-492F-8DD9-47912CD2ABDD}.Debug|Any CPU.Build.0 = Debug|Any CPU
		{B19EC332-BEBE-492F-8DD9-47912CD2ABDD}.Release|Any CPU.ActiveCfg = Release|Any CPU
		{B19EC332-BEBE-492F-8DD9-47912CD2ABDD}.Release|Any CPU.Build.0 = Release|Any CPU
		{130A2E8A-3CE2-4296-ACE4-391C3CCCB56D}.Debug|Any CPU.ActiveCfg = Debug|Any CPU
		{130A2E8A-3CE2-4296-ACE4-391C3CCCB56D}.Debug|Any CPU.Build.0 = Debug|Any CPU
		{130A2E8A-3CE2-4296-ACE4-391C3CCCB56D}.Release|Any CPU.ActiveCfg = Release|Any CPU
		{130A2E8A-3CE2-4296-ACE4-391C3CCCB56D}.Release|Any CPU.Build.0 = Release|Any CPU
		{C2B2A685-FF0F-4BC8-B0EA-2908CAFE2B57}.Debug|Any CPU.ActiveCfg = Debug|Any CPU
		{C2B2A685-FF0F-4BC8-B0EA-2908CAFE2B57}.Debug|Any CPU.Build.0 = Debug|Any CPU
		{C2B2A685-FF0F-4BC8-B0EA-2908CAFE2B57}.Release|Any CPU.ActiveCfg = Release|Any CPU
		{C2B2A685-FF0F-4BC8-B0EA-2908CAFE2B57}.Release|Any CPU.Build.0 = Release|Any CPU
		{D325D952-19FE-4125-AC25-EBCAE44AA778}.Debug|Any CPU.ActiveCfg = Debug|Any CPU
		{D325D952-19FE-4125-AC25-EBCAE44AA778}.Debug|Any CPU.Build.0 = Debug|Any CPU
		{D325D952-19FE-4125-AC25-EBCAE44AA778}.Release|Any CPU.ActiveCfg = Release|Any CPU
		{D325D952-19FE-4125-AC25-EBCAE44AA778}.Release|Any CPU.Build.0 = Release|Any CPU
		{20352A9A-26C4-4532-AD02-E0AC167CC66E}.Debug|Any CPU.ActiveCfg = Debug|Any CPU
		{20352A9A-26C4-4532-AD02-E0AC167CC66E}.Debug|Any CPU.Build.0 = Debug|Any CPU
		{20352A9A-26C4-4532-AD02-E0AC167CC66E}.Release|Any CPU.ActiveCfg = Release|Any CPU
		{20352A9A-26C4-4532-AD02-E0AC167CC66E}.Release|Any CPU.Build.0 = Release|Any CPU
		{FE2DC944-83FA-4A34-94F4-1512C5F41FAA}.Debug|Any CPU.ActiveCfg = Debug|Any CPU
		{FE2DC944-83FA-4A34-94F4-1512C5F41FAA}.Debug|Any CPU.Build.0 = Debug|Any CPU
		{FE2DC944-83FA-4A34-94F4-1512C5F41FAA}.Release|Any CPU.ActiveCfg = Release|Any CPU
		{FE2DC944-83FA-4A34-94F4-1512C5F41FAA}.Release|Any CPU.Build.0 = Release|Any CPU
		{9CD0C3F0-1F71-410A-8546-D10EAA0E3390}.Debug|Any CPU.ActiveCfg = Debug|Any CPU
		{9CD0C3F0-1F71-410A-8546-D10EAA0E3390}.Debug|Any CPU.Build.0 = Debug|Any CPU
		{9CD0C3F0-1F71-410A-8546-D10EAA0E3390}.Release|Any CPU.ActiveCfg = Release|Any CPU
		{9CD0C3F0-1F71-410A-8546-D10EAA0E3390}.Release|Any CPU.Build.0 = Release|Any CPU
		{59FDE376-3D73-4A78-B76C-BF17607817B9}.Debug|Any CPU.ActiveCfg = Debug|Any CPU
		{59FDE376-3D73-4A78-B76C-BF17607817B9}.Debug|Any CPU.Build.0 = Debug|Any CPU
		{59FDE376-3D73-4A78-B76C-BF17607817B9}.Release|Any CPU.ActiveCfg = Release|Any CPU
		{59FDE376-3D73-4A78-B76C-BF17607817B9}.Release|Any CPU.Build.0 = Release|Any CPU
	EndGlobalSection
	GlobalSection(SolutionProperties) = preSolution
		HideSolutionNode = FALSE
	EndGlobalSection
	GlobalSection(ExtensibilityGlobals) = postSolution
		SolutionGuid = {6D210C41-F5EA-4C6E-BE4D-DE9153DE62DE}
	EndGlobalSection
EndGlobal
